
Microsoft Visual Studio Solution File, Format Version 12.00
# Visual Studio Version 17
VisualStudioVersion = 17.10.35013.160
MinimumVisualStudioVersion = 10.0.40219.1
Project("{FAE04EC0-301F-11D3-BF4B-00C04F79EFBC}") = "ProjetLamp", "ProjetLamp.csproj", "{120CE848-5119-41C4-84F7-AFB3FAA0A0D5}"
EndProject
Global
	GlobalSection(SolutionConfigurationPlatforms) = preSolution
		Debug|Any CPU = Debug|Any CPU
		Release|Any CPU = Release|Any CPU
	EndGlobalSection
	GlobalSection(ProjectConfigurationPlatforms) = postSolution
		{120CE848-5119-41C4-84F7-AFB3FAA0A0D5}.Debug|Any CPU.ActiveCfg = Debug|Any CPU
		{120CE848-5119-41C4-84F7-AFB3FAA0A0D5}.Debug|Any CPU.Build.0 = Debug|Any CPU
		{120CE848-5119-41C4-84F7-AFB3FAA0A0D5}.Debug|Any CPU.Deploy.0 = Debug|Any CPU
		{120CE848-5119-41C4-84F7-AFB3FAA0A0D5}.Release|Any CPU.ActiveCfg = Release|Any CPU
		{120CE848-5119-41C4-84F7-AFB3FAA0A0D5}.Release|Any CPU.Build.0 = Release|Any CPU
		{120CE848-5119-41C4-84F7-AFB3FAA0A0D5}.Release|Any CPU.Deploy.0 = Release|Any CPU
	EndGlobalSection
	GlobalSection(SolutionProperties) = preSolution
		HideSolutionNode = FALSE
	EndGlobalSection
	GlobalSection(ExtensibilityGlobals) = postSolution
		SolutionGuid = {8335A40E-E218-455F-B117-36F3DB2ACF7C}
	EndGlobalSection
EndGlobal
